
Microsoft Visual Studio Solution File, Format Version 12.00
# Visual Studio 15
VisualStudioVersion = 15.0.28307.852
MinimumVisualStudioVersion = 10.0.40219.1
Project("{FAE04EC0-301F-11D3-BF4B-00C04F79EFBC}") = "VendorPortal", "VendorPortal\VendorPortal.csproj", "{0F84651B-F1CB-4C64-8DBC-616A89C07299}"
EndProject
Project("{FAE04EC0-301F-11D3-BF4B-00C04F79EFBC}") = "UnitTests", "UnitTests\UnitTests.csproj", "{3954D2A1-4454-40B5-9AE4-B711CED4B097}"
EndProject
Global
	GlobalSection(SolutionConfigurationPlatforms) = preSolution
		Debug|Any CPU = Debug|Any CPU
		Release|Any CPU = Release|Any CPU
	EndGlobalSection
	GlobalSection(ProjectConfigurationPlatforms) = postSolution
		{0F84651B-F1CB-4C64-8DBC-616A89C07299}.Debug|Any CPU.ActiveCfg = Debug|Any CPU
		{0F84651B-F1CB-4C64-8DBC-616A89C07299}.Debug|Any CPU.Build.0 = Debug|Any CPU
		{0F84651B-F1CB-4C64-8DBC-616A89C07299}.Release|Any CPU.ActiveCfg = Release|Any CPU
		{0F84651B-F1CB-4C64-8DBC-616A89C07299}.Release|Any CPU.Build.0 = Release|Any CPU
		{3954D2A1-4454-40B5-9AE4-B711CED4B097}.Debug|Any CPU.ActiveCfg = Debug|Any CPU
		{3954D2A1-4454-40B5-9AE4-B711CED4B097}.Debug|Any CPU.Build.0 = Debug|Any CPU
		{3954D2A1-4454-40B5-9AE4-B711CED4B097}.Release|Any CPU.ActiveCfg = Release|Any CPU
		{3954D2A1-4454-40B5-9AE4-B711CED4B097}.Release|Any CPU.Build.0 = Release|Any CPU
	EndGlobalSection
	GlobalSection(SolutionProperties) = preSolution
		HideSolutionNode = FALSE
	EndGlobalSection
	GlobalSection(ExtensibilityGlobals) = postSolution
		SolutionGuid = {11185AE3-2ADB-4397-94BF-CB66B809FEA4}
	EndGlobalSection
EndGlobal
